
Microsoft Visual Studio Solution File, Format Version 12.00
# Visual Studio Version 16
VisualStudioVersion = 16.0.31025.194
MinimumVisualStudioVersion = 10.0.40219.1
Project("{FAE04EC0-301F-11D3-BF4B-00C04F79EFBC}") = "Vehicles", "Vehicles\Vehicles.csproj", "{AB824238-1448-4519-ACE8-E793A08EC917}"
EndProject
Global
	GlobalSection(SolutionConfigurationPlatforms) = preSolution
		Debug|Any CPU = Debug|Any CPU
		Release|Any CPU = Release|Any CPU
	EndGlobalSection
	GlobalSection(ProjectConfigurationPlatforms) = postSolution
		{AB824238-1448-4519-ACE8-E793A08EC917}.Debug|Any CPU.ActiveCfg = Debug|Any CPU
		{AB824238-1448-4519-ACE8-E793A08EC917}.Debug|Any CPU.Build.0 = Debug|Any CPU
		{AB824238-1448-4519-ACE8-E793A08EC917}.Release|Any CPU.ActiveCfg = Release|Any CPU
		{AB824238-1448-4519-ACE8-E793A08EC917}.Release|Any CPU.Build.0 = Release|Any CPU
	EndGlobalSection
	GlobalSection(SolutionProperties) = preSolution
		HideSolutionNode = FALSE
	EndGlobalSection
	GlobalSection(ExtensibilityGlobals) = postSolution
		SolutionGuid = {4AE78D19-FBA8-4211-8B51-DEA758822ADB}
	EndGlobalSection
EndGlobal
