
Microsoft Visual Studio Solution File, Format Version 12.00
# Visual Studio Version 17
VisualStudioVersion = 17.7.34221.43
MinimumVisualStudioVersion = 10.0.40219.1
Project("{FAE04EC0-301F-11D3-BF4B-00C04F79EFBC}") = "ToDel01", "ToDel01\ToDel01.csproj", "{CEBCB227-EA17-4649-9645-1232A6D140B0}"
EndProject
Global
	GlobalSection(SolutionConfigurationPlatforms) = preSolution
		Debug|Any CPU = Debug|Any CPU
		Release|Any CPU = Release|Any CPU
	EndGlobalSection
	GlobalSection(ProjectConfigurationPlatforms) = postSolution
		{CEBCB227-EA17-4649-9645-1232A6D140B0}.Debug|Any CPU.ActiveCfg = Debug|Any CPU
		{CEBCB227-EA17-4649-9645-1232A6D140B0}.Debug|Any CPU.Build.0 = Debug|Any CPU
		{CEBCB227-EA17-4649-9645-1232A6D140B0}.Release|Any CPU.ActiveCfg = Release|Any CPU
		{CEBCB227-EA17-4649-9645-1232A6D140B0}.Release|Any CPU.Build.0 = Release|Any CPU
	EndGlobalSection
	GlobalSection(SolutionProperties) = preSolution
		HideSolutionNode = FALSE
	EndGlobalSection
	GlobalSection(ExtensibilityGlobals) = postSolution
		SolutionGuid = {2BE59B23-9E45-4B2C-A37D-22C7D1989EDA}
	EndGlobalSection
EndGlobal
