
Microsoft Visual Studio Solution File, Format Version 12.00
# Visual Studio Version 16
VisualStudioVersion = 16.0.31424.327
MinimumVisualStudioVersion = 10.0.40219.1
Project("{FAE04EC0-301F-11D3-BF4B-00C04F79EFBC}") = "MyCollections", "MyCollections\MyCollections.csproj", "{14309E38-867C-45EF-83AA-EE2FC5D897AC}"
EndProject
Global
	GlobalSection(SolutionConfigurationPlatforms) = preSolution
		Debug|Any CPU = Debug|Any CPU
		Release|Any CPU = Release|Any CPU
	EndGlobalSection
	GlobalSection(ProjectConfigurationPlatforms) = postSolution
		{14309E38-867C-45EF-83AA-EE2FC5D897AC}.Debug|Any CPU.ActiveCfg = Debug|Any CPU
		{14309E38-867C-45EF-83AA-EE2FC5D897AC}.Debug|Any CPU.Build.0 = Debug|Any CPU
		{14309E38-867C-45EF-83AA-EE2FC5D897AC}.Release|Any CPU.ActiveCfg = Release|Any CPU
		{14309E38-867C-45EF-83AA-EE2FC5D897AC}.Release|Any CPU.Build.0 = Release|Any CPU
	EndGlobalSection
	GlobalSection(SolutionProperties) = preSolution
		HideSolutionNode = FALSE
	EndGlobalSection
	GlobalSection(ExtensibilityGlobals) = postSolution
		SolutionGuid = {39AB1E65-C010-4819-A810-E3C04AB4A3EC}
	EndGlobalSection
EndGlobal
