
Microsoft Visual Studio Solution File, Format Version 12.00
# Visual Studio Version 16
VisualStudioVersion = 16.0.30717.126
MinimumVisualStudioVersion = 10.0.40219.1
Project("{FAE04EC0-301F-11D3-BF4B-00C04F79EFBC}") = "SecondFileCategory", "SecondFileCategory\SecondFileCategory.csproj", "{22F6388A-54AB-46AA-8B4D-F043695AAF05}"
EndProject
Project("{FAE04EC0-301F-11D3-BF4B-00C04F79EFBC}") = "Passwords", "Passwords\Passwords.csproj", "{136F556C-CFD9-4737-BE93-47E391A5717F}"
EndProject
Global
	GlobalSection(SolutionConfigurationPlatforms) = preSolution
		Debug|Any CPU = Debug|Any CPU
		Release|Any CPU = Release|Any CPU
	EndGlobalSection
	GlobalSection(ProjectConfigurationPlatforms) = postSolution
		{22F6388A-54AB-46AA-8B4D-F043695AAF05}.Debug|Any CPU.ActiveCfg = Debug|Any CPU
		{22F6388A-54AB-46AA-8B4D-F043695AAF05}.Debug|Any CPU.Build.0 = Debug|Any CPU
		{22F6388A-54AB-46AA-8B4D-F043695AAF05}.Release|Any CPU.ActiveCfg = Release|Any CPU
		{22F6388A-54AB-46AA-8B4D-F043695AAF05}.Release|Any CPU.Build.0 = Release|Any CPU
		{136F556C-CFD9-4737-BE93-47E391A5717F}.Debug|Any CPU.ActiveCfg = Debug|Any CPU
		{136F556C-CFD9-4737-BE93-47E391A5717F}.Debug|Any CPU.Build.0 = Debug|Any CPU
		{136F556C-CFD9-4737-BE93-47E391A5717F}.Release|Any CPU.ActiveCfg = Release|Any CPU
		{136F556C-CFD9-4737-BE93-47E391A5717F}.Release|Any CPU.Build.0 = Release|Any CPU
	EndGlobalSection
	GlobalSection(SolutionProperties) = preSolution
		HideSolutionNode = FALSE
	EndGlobalSection
	GlobalSection(ExtensibilityGlobals) = postSolution
		SolutionGuid = {D6FE9454-0A36-45DD-8B6D-54B23DD872CE}
	EndGlobalSection
EndGlobal
